
Microsoft Visual Studio Solution File, Format Version 12.00
# Visual Studio 15
VisualStudioVersion = 15.0.27703.2026
MinimumVisualStudioVersion = 10.0.40219.1
Project("{FAE04EC0-301F-11D3-BF4B-00C04F79EFBC}") = "AppPexOnBoardII.Android", "AppPexOnBoardII\AppPexOnBoardII.Android\AppPexOnBoardII.Android.csproj", "{ADD8D3FE-7305-4460-9AA7-03B8224FDAF2}"
EndProject
Project("{FAE04EC0-301F-11D3-BF4B-00C04F79EFBC}") = "AppPexOnBoardII.iOS", "AppPexOnBoardII\AppPexOnBoardII.iOS\AppPexOnBoardII.iOS.csproj", "{5520D94F-CA99-4182-A37B-0A84310D6771}"
EndProject
Project("{FAE04EC0-301F-11D3-BF4B-00C04F79EFBC}") = "AppPexOnBoardII", "AppPexOnBoardII\AppPexOnBoardII\AppPexOnBoardII.csproj", "{1C0A28CC-3F28-41F9-8B97-CB275364AAA3}"
EndProject
Global
	GlobalSection(SolutionConfigurationPlatforms) = preSolution
		Ad-Hoc|Any CPU = Ad-Hoc|Any CPU
		Ad-Hoc|iPhone = Ad-Hoc|iPhone
		Ad-Hoc|iPhoneSimulator = Ad-Hoc|iPhoneSimulator
		AppStore|Any CPU = AppStore|Any CPU
		AppStore|iPhone = AppStore|iPhone
		AppStore|iPhoneSimulator = AppStore|iPhoneSimulator
		Debug|Any CPU = Debug|Any CPU
		Debug|iPhone = Debug|iPhone
		Debug|iPhoneSimulator = Debug|iPhoneSimulator
		Release|Any CPU = Release|Any CPU
		Release|iPhone = Release|iPhone
		Release|iPhoneSimulator = Release|iPhoneSimulator
	EndGlobalSection
	GlobalSection(ProjectConfigurationPlatforms) = postSolution
		{ADD8D3FE-7305-4460-9AA7-03B8224FDAF2}.Ad-Hoc|Any CPU.ActiveCfg = Release|Any CPU
		{ADD8D3FE-7305-4460-9AA7-03B8224FDAF2}.Ad-Hoc|Any CPU.Build.0 = Release|Any CPU
		{ADD8D3FE-7305-4460-9AA7-03B8224FDAF2}.Ad-Hoc|Any CPU.Deploy.0 = Release|Any CPU
		{ADD8D3FE-7305-4460-9AA7-03B8224FDAF2}.Ad-Hoc|iPhone.ActiveCfg = Release|Any CPU
		{ADD8D3FE-7305-4460-9AA7-03B8224FDAF2}.Ad-Hoc|iPhone.Build.0 = Release|Any CPU
		{ADD8D3FE-7305-4460-9AA7-03B8224FDAF2}.Ad-Hoc|iPhone.Deploy.0 = Release|Any CPU
		{ADD8D3FE-7305-4460-9AA7-03B8224FDAF2}.Ad-Hoc|iPhoneSimulator.ActiveCfg = Release|Any CPU
		{ADD8D3FE-7305-4460-9AA7-03B8224FDAF2}.Ad-Hoc|iPhoneSimulator.Build.0 = Release|Any CPU
		{ADD8D3FE-7305-4460-9AA7-03B8224FDAF2}.Ad-Hoc|iPhoneSimulator.Deploy.0 = Release|Any CPU
		{ADD8D3FE-7305-4460-9AA7-03B8224FDAF2}.AppStore|Any CPU.ActiveCfg = Release|Any CPU
		{ADD8D3FE-7305-4460-9AA7-03B8224FDAF2}.AppStore|Any CPU.Build.0 = Release|Any CPU
		{ADD8D3FE-7305-4460-9AA7-03B8224FDAF2}.AppStore|Any CPU.Deploy.0 = Release|Any CPU
		{ADD8D3FE-7305-4460-9AA7-03B8224FDAF2}.AppStore|iPhone.ActiveCfg = Release|Any CPU
		{ADD8D3FE-7305-4460-9AA7-03B8224FDAF2}.AppStore|iPhone.Build.0 = Release|Any CPU
		{ADD8D3FE-7305-4460-9AA7-03B8224FDAF2}.AppStore|iPhone.Deploy.0 = Release|Any CPU
		{ADD8D3FE-7305-4460-9AA7-03B8224FDAF2}.AppStore|iPhoneSimulator.ActiveCfg = Release|Any CPU
		{ADD8D3FE-7305-4460-9AA7-03B8224FDAF2}.AppStore|iPhoneSimulator.Build.0 = Release|Any CPU
		{ADD8D3FE-7305-4460-9AA7-03B8224FDAF2}.AppStore|iPhoneSimulator.Deploy.0 = Release|Any CPU
		{ADD8D3FE-7305-4460-9AA7-03B8224FDAF2}.Debug|Any CPU.ActiveCfg = Debug|Any CPU
		{ADD8D3FE-7305-4460-9AA7-03B8224FDAF2}.Debug|Any CPU.Build.0 = Debug|Any CPU
		{ADD8D3FE-7305-4460-9AA7-03B8224FDAF2}.Debug|Any CPU.Deploy.0 = Debug|Any CPU
		{ADD8D3FE-7305-4460-9AA7-03B8224FDAF2}.Debug|iPhone.ActiveCfg = Debug|Any CPU
		{ADD8D3FE-7305-4460-9AA7-03B8224FDAF2}.Debug|iPhone.Build.0 = Debug|Any CPU
		{ADD8D3FE-7305-4460-9AA7-03B8224FDAF2}.Debug|iPhone.Deploy.0 = Debug|Any CPU
		{ADD8D3FE-7305-4460-9AA7-03B8224FDAF2}.Debug|iPhoneSimulator.ActiveCfg = Debug|Any CPU
		{ADD8D3FE-7305-4460-9AA7-03B8224FDAF2}.Debug|iPhoneSimulator.Build.0 = Debug|Any CPU
		{ADD8D3FE-7305-4460-9AA7-03B8224FDAF2}.Debug|iPhoneSimulator.Deploy.0 = Debug|Any CPU
		{ADD8D3FE-7305-4460-9AA7-03B8224FDAF2}.Release|Any CPU.ActiveCfg = Release|Any CPU
		{ADD8D3FE-7305-4460-9AA7-03B8224FDAF2}.Release|Any CPU.Build.0 = Release|Any CPU
		{ADD8D3FE-7305-4460-9AA7-03B8224FDAF2}.Release|Any CPU.Deploy.0 = Release|Any CPU
		{ADD8D3FE-7305-4460-9AA7-03B8224FDAF2}.Release|iPhone.ActiveCfg = Release|Any CPU
		{ADD8D3FE-7305-4460-9AA7-03B8224FDAF2}.Release|iPhone.Build.0 = Release|Any CPU
		{ADD8D3FE-7305-4460-9AA7-03B8224FDAF2}.Release|iPhone.Deploy.0 = Release|Any CPU
		{ADD8D3FE-7305-4460-9AA7-03B8224FDAF2}.Release|iPhoneSimulator.ActiveCfg = Release|Any CPU
		{ADD8D3FE-7305-4460-9AA7-03B8224FDAF2}.Release|iPhoneSimulator.Build.0 = Release|Any CPU
		{ADD8D3FE-7305-4460-9AA7-03B8224FDAF2}.Release|iPhoneSimulator.Deploy.0 = Release|Any CPU
		{5520D94F-CA99-4182-A37B-0A84310D6771}.Ad-Hoc|Any CPU.ActiveCfg = Ad-Hoc|iPhone
		{5520D94F-CA99-4182-A37B-0A84310D6771}.Ad-Hoc|Any CPU.Build.0 = Ad-Hoc|iPhone
		{5520D94F-CA99-4182-A37B-0A84310D6771}.Ad-Hoc|Any CPU.Deploy.0 = Ad-Hoc|iPhone
		{5520D94F-CA99-4182-A37B-0A84310D6771}.Ad-Hoc|iPhone.ActiveCfg = Ad-Hoc|iPhone
		{5520D94F-CA99-4182-A37B-0A84310D6771}.Ad-Hoc|iPhone.Build.0 = Ad-Hoc|iPhone
		{5520D94F-CA99-4182-A37B-0A84310D6771}.Ad-Hoc|iPhone.Deploy.0 = Ad-Hoc|iPhone
		{5520D94F-CA99-4182-A37B-0A84310D6771}.Ad-Hoc|iPhoneSimulator.ActiveCfg = Ad-Hoc|iPhoneSimulator
		{5520D94F-CA99-4182-A37B-0A84310D6771}.Ad-Hoc|iPhoneSimulator.Build.0 = Ad-Hoc|iPhoneSimulator
		{5520D94F-CA99-4182-A37B-0A84310D6771}.Ad-Hoc|iPhoneSimulator.Deploy.0 = Ad-Hoc|iPhoneSimulator
		{5520D94F-CA99-4182-A37B-0A84310D6771}.AppStore|Any CPU.ActiveCfg = AppStore|iPhone
		{5520D94F-CA99-4182-A37B-0A84310D6771}.AppStore|Any CPU.Build.0 = AppStore|iPhone
		{5520D94F-CA99-4182-A37B-0A84310D6771}.AppStore|Any CPU.Deploy.0 = AppStore|iPhone
		{5520D94F-CA99-4182-A37B-0A84310D6771}.AppStore|iPhone.ActiveCfg = AppStore|iPhone
		{5520D94F-CA99-4182-A37B-0A84310D6771}.AppStore|iPhone.Build.0 = AppStore|iPhone
		{5520D94F-CA99-4182-A37B-0A84310D6771}.AppStore|iPhone.Deploy.0 = AppStore|iPhone
		{5520D94F-CA99-4182-A37B-0A84310D6771}.AppStore|iPhoneSimulator.ActiveCfg = AppStore|iPhoneSimulator
		{5520D94F-CA99-4182-A37B-0A84310D6771}.AppStore|iPhoneSimulator.Build.0 = AppStore|iPhoneSimulator
		{5520D94F-CA99-4182-A37B-0A84310D6771}.AppStore|iPhoneSimulator.Deploy.0 = AppStore|iPhoneSimulator
		{5520D94F-CA99-4182-A37B-0A84310D6771}.Debug|Any CPU.ActiveCfg = Debug|iPhoneSimulator
		{5520D94F-CA99-4182-A37B-0A84310D6771}.Debug|Any CPU.Build.0 = Debug|iPhoneSimulator
		{5520D94F-CA99-4182-A37B-0A84310D6771}.Debug|Any CPU.Deploy.0 = Debug|iPhoneSimulator
		{5520D94F-CA99-4182-A37B-0A84310D6771}.Debug|iPhone.ActiveCfg = Debug|iPhone
		{5520D94F-CA99-4182-A37B-0A84310D6771}.Debug|iPhone.Build.0 = Debug|iPhone
		{5520D94F-CA99-4182-A37B-0A84310D6771}.Debug|iPhone.Deploy.0 = Debug|iPhone
		{5520D94F-CA99-4182-A37B-0A84310D6771}.Debug|iPhoneSimulator.ActiveCfg = Debug|iPhoneSimulator
		{5520D94F-CA99-4182-A37B-0A84310D6771}.Debug|iPhoneSimulator.Build.0 = Debug|iPhoneSimulator
		{5520D94F-CA99-4182-A37B-0A84310D6771}.Debug|iPhoneSimulator.Deploy.0 = Debug|iPhoneSimulator
		{5520D94F-CA99-4182-A37B-0A84310D6771}.Release|Any CPU.ActiveCfg = Release|iPhone
		{5520D94F-CA99-4182-A37B-0A84310D6771}.Release|Any CPU.Build.0 = Release|iPhone
		{5520D94F-CA99-4182-A37B-0A84310D6771}.Release|Any CPU.Deploy.0 = Release|iPhone
		{5520D94F-CA99-4182-A37B-0A84310D6771}.Release|iPhone.ActiveCfg = Release|iPhone
		{5520D94F-CA99-4182-A37B-0A84310D6771}.Release|iPhone.Build.0 = Release|iPhone
		{5520D94F-CA99-4182-A37B-0A84310D6771}.Release|iPhone.Deploy.0 = Release|iPhone
		{5520D94F-CA99-4182-A37B-0A84310D6771}.Release|iPhoneSimulator.ActiveCfg = Release|iPhoneSimulator
		{5520D94F-CA99-4182-A37B-0A84310D6771}.Release|iPhoneSimulator.Build.0 = Release|iPhoneSimulator
		{5520D94F-CA99-4182-A37B-0A84310D6771}.Release|iPhoneSimulator.Deploy.0 = Release|iPhoneSimulator
		{1C0A28CC-3F28-41F9-8B97-CB275364AAA3}.Ad-Hoc|Any CPU.ActiveCfg = Debug|Any CPU
		{1C0A28CC-3F28-41F9-8B97-CB275364AAA3}.Ad-Hoc|Any CPU.Build.0 = Debug|Any CPU
		{1C0A28CC-3F28-41F9-8B97-CB275364AAA3}.Ad-Hoc|Any CPU.Deploy.0 = Debug|Any CPU
		{1C0A28CC-3F28-41F9-8B97-CB275364AAA3}.Ad-Hoc|iPhone.ActiveCfg = Debug|Any CPU
		{1C0A28CC-3F28-41F9-8B97-CB275364AAA3}.Ad-Hoc|iPhone.Build.0 = Debug|Any CPU
		{1C0A28CC-3F28-41F9-8B97-CB275364AAA3}.Ad-Hoc|iPhone.Deploy.0 = Debug|Any CPU
		{1C0A28CC-3F28-41F9-8B97-CB275364AAA3}.Ad-Hoc|iPhoneSimulator.ActiveCfg = Debug|Any CPU
		{1C0A28CC-3F28-41F9-8B97-CB275364AAA3}.Ad-Hoc|iPhoneSimulator.Build.0 = Debug|Any CPU
		{1C0A28CC-3F28-41F9-8B97-CB275364AAA3}.Ad-Hoc|iPhoneSimulator.Deploy.0 = Debug|Any CPU
		{1C0A28CC-3F28-41F9-8B97-CB275364AAA3}.AppStore|Any CPU.ActiveCfg = Debug|Any CPU
		{1C0A28CC-3F28-41F9-8B97-CB275364AAA3}.AppStore|Any CPU.Build.0 = Debug|Any CPU
		{1C0A28CC-3F28-41F9-8B97-CB275364AAA3}.AppStore|Any CPU.Deploy.0 = Debug|Any CPU
		{1C0A28CC-3F28-41F9-8B97-CB275364AAA3}.AppStore|iPhone.ActiveCfg = Debug|Any CPU
		{1C0A28CC-3F28-41F9-8B97-CB275364AAA3}.AppStore|iPhone.Build.0 = Debug|Any CPU
		{1C0A28CC-3F28-41F9-8B97-CB275364AAA3}.AppStore|iPhone.Deploy.0 = Debug|Any CPU
		{1C0A28CC-3F28-41F9-8B97-CB275364AAA3}.AppStore|iPhoneSimulator.ActiveCfg = Debug|Any CPU
		{1C0A28CC-3F28-41F9-8B97-CB275364AAA3}.AppStore|iPhoneSimulator.Build.0 = Debug|Any CPU
		{1C0A28CC-3F28-41F9-8B97-CB275364AAA3}.AppStore|iPhoneSimulator.Deploy.0 = Debug|Any CPU
		{1C0A28CC-3F28-41F9-8B97-CB275364AAA3}.Debug|Any CPU.ActiveCfg = Debug|Any CPU
		{1C0A28CC-3F28-41F9-8B97-CB275364AAA3}.Debug|Any CPU.Build.0 = Debug|Any CPU
		{1C0A28CC-3F28-41F9-8B97-CB275364AAA3}.Debug|Any CPU.Deploy.0 = Debug|Any CPU
		{1C0A28CC-3F28-41F9-8B97-CB275364AAA3}.Debug|iPhone.ActiveCfg = Debug|Any CPU
		{1C0A28CC-3F28-41F9-8B97-CB275364AAA3}.Debug|iPhone.Build.0 = Debug|Any CPU
		{1C0A28CC-3F28-41F9-8B97-CB275364AAA3}.Debug|iPhone.Deploy.0 = Debug|Any CPU
		{1C0A28CC-3F28-41F9-8B97-CB275364AAA3}.Debug|iPhoneSimulator.ActiveCfg = Debug|Any CPU
		{1C0A28CC-3F28-41F9-8B97-CB275364AAA3}.Debug|iPhoneSimulator.Build.0 = Debug|Any CPU
		{1C0A28CC-3F28-41F9-8B97-CB275364AAA3}.Debug|iPhoneSimulator.Deploy.0 = Debug|Any CPU
		{1C0A28CC-3F28-41F9-8B97-CB275364AAA3}.Release|Any CPU.ActiveCfg = Release|Any CPU
		{1C0A28CC-3F28-41F9-8B97-CB275364AAA3}.Release|Any CPU.Build.0 = Release|Any CPU
		{1C0A28CC-3F28-41F9-8B97-CB275364AAA3}.Release|Any CPU.Deploy.0 = Release|Any CPU
		{1C0A28CC-3F28-41F9-8B97-CB275364AAA3}.Release|iPhone.ActiveCfg = Release|Any CPU
		{1C0A28CC-3F28-41F9-8B97-CB275364AAA3}.Release|iPhone.Build.0 = Release|Any CPU
		{1C0A28CC-3F28-41F9-8B97-CB275364AAA3}.Release|iPhone.Deploy.0 = Release|Any CPU
		{1C0A28CC-3F28-41F9-8B97-CB275364AAA3}.Release|iPhoneSimulator.ActiveCfg = Release|Any CPU
		{1C0A28CC-3F28-41F9-8B97-CB275364AAA3}.Release|iPhoneSimulator.Build.0 = Release|Any CPU
		{1C0A28CC-3F28-41F9-8B97-CB275364AAA3}.Release|iPhoneSimulator.Deploy.0 = Release|Any CPU
	EndGlobalSection
	GlobalSection(SolutionProperties) = preSolution
		HideSolutionNode = FALSE
	EndGlobalSection
	GlobalSection(ExtensibilityGlobals) = postSolution
		SolutionGuid = {D9E0054C-1596-4838-A01C-64E83025E227}
	EndGlobalSection
EndGlobal
